
Microsoft Visual Studio Solution File, Format Version 12.00
# Visual Studio Version 16
VisualStudioVersion = 16.0.32510.428
MinimumVisualStudioVersion = 10.0.40219.1
Project("{FAE04EC0-301F-11D3-BF4B-00C04F79EFBC}") = "MVCDemo", "MVCDemo\MVCDemo.csproj", "{8DB6C2F1-1177-42CF-8BFD-557A3B805266}"
EndProject
Project("{FAE04EC0-301F-11D3-BF4B-00C04F79EFBC}") = "MCVControllerDemo", "MCVControllerDemo\MCVControllerDemo.csproj", "{24680EDB-4AED-41FA-91BB-6A1A5943EC74}"
EndProject
Project("{FAE04EC0-301F-11D3-BF4B-00C04F79EFBC}") = "DemoForMVC", "DemoForMVC\DemoForMVC.csproj", "{87BF4564-E3EE-441B-9948-AD8BF72DE4E9}"
EndProject
Project("{FAE04EC0-301F-11D3-BF4B-00C04F79EFBC}") = "MVCRazorDemo", "MVCRazorDemo\MVCRazorDemo.csproj", "{8514F721-9319-43A4-8A7C-4CB873881C5C}"
EndProject
Project("{FAE04EC0-301F-11D3-BF4B-00C04F79EFBC}") = "MVCBundlesAndMiniDemo", "MVCBundlesAndMiniDemo\MVCBundlesAndMiniDemo.csproj", "{16853E05-6C0F-40B5-ABD3-22E14F226B62}"
EndProject
Project("{FAE04EC0-301F-11D3-BF4B-00C04F79EFBC}") = "MVCAreasDemo", "MVCAreasDemo\MVCAreasDemo.csproj", "{7D847575-7A74-4991-9F23-BE25B762B00B}"
EndProject
Project("{FAE04EC0-301F-11D3-BF4B-00C04F79EFBC}") = "MVCAutoMapperDemo", "MVCAutoMapperDemo\MVCAutoMapperDemo.csproj", "{35C4A25C-48E5-4B1C-9FD0-1A9BF39FBC97}"
EndProject
Project("{FAE04EC0-301F-11D3-BF4B-00C04F79EFBC}") = "MVCBootstrapDemo", "MVCBootstrapDemo\MVCBootstrapDemo.csproj", "{C7DD4CD6-AE11-41DF-A721-8D5C683E8308}"
EndProject
Project("{FAE04EC0-301F-11D3-BF4B-00C04F79EFBC}") = "MVCBootstrapDemo2", "MVCBootstrapDemo2\MVCBootstrapDemo2.csproj", "{95D76C15-63B5-46C7-B811-AA4B46BD75FD}"
EndProject
Project("{FAE04EC0-301F-11D3-BF4B-00C04F79EFBC}") = "MVCHtmlHempersDemo", "MVCHtmlHempersDemo\MVCHtmlHempersDemo.csproj", "{FD06786E-832C-4685-81F6-3A4848F5AAAC}"
EndProject
Global
	GlobalSection(SolutionConfigurationPlatforms) = preSolution
		Debug|Any CPU = Debug|Any CPU
		Release|Any CPU = Release|Any CPU
	EndGlobalSection
	GlobalSection(ProjectConfigurationPlatforms) = postSolution
		{8DB6C2F1-1177-42CF-8BFD-557A3B805266}.Debug|Any CPU.ActiveCfg = Debug|Any CPU
		{8DB6C2F1-1177-42CF-8BFD-557A3B805266}.Debug|Any CPU.Build.0 = Debug|Any CPU
		{8DB6C2F1-1177-42CF-8BFD-557A3B805266}.Release|Any CPU.ActiveCfg = Release|Any CPU
		{8DB6C2F1-1177-42CF-8BFD-557A3B805266}.Release|Any CPU.Build.0 = Release|Any CPU
		{24680EDB-4AED-41FA-91BB-6A1A5943EC74}.Debug|Any CPU.ActiveCfg = Debug|Any CPU
		{24680EDB-4AED-41FA-91BB-6A1A5943EC74}.Debug|Any CPU.Build.0 = Debug|Any CPU
		{24680EDB-4AED-41FA-91BB-6A1A5943EC74}.Release|Any CPU.ActiveCfg = Release|Any CPU
		{24680EDB-4AED-41FA-91BB-6A1A5943EC74}.Release|Any CPU.Build.0 = Release|Any CPU
		{87BF4564-E3EE-441B-9948-AD8BF72DE4E9}.Debug|Any CPU.ActiveCfg = Debug|Any CPU
		{87BF4564-E3EE-441B-9948-AD8BF72DE4E9}.Debug|Any CPU.Build.0 = Debug|Any CPU
		{87BF4564-E3EE-441B-9948-AD8BF72DE4E9}.Release|Any CPU.ActiveCfg = Release|Any CPU
		{87BF4564-E3EE-441B-9948-AD8BF72DE4E9}.Release|Any CPU.Build.0 = Release|Any CPU
		{8514F721-9319-43A4-8A7C-4CB873881C5C}.Debug|Any CPU.ActiveCfg = Debug|Any CPU
		{8514F721-9319-43A4-8A7C-4CB873881C5C}.Debug|Any CPU.Build.0 = Debug|Any CPU
		{8514F721-9319-43A4-8A7C-4CB873881C5C}.Release|Any CPU.ActiveCfg = Release|Any CPU
		{8514F721-9319-43A4-8A7C-4CB873881C5C}.Release|Any CPU.Build.0 = Release|Any CPU
		{16853E05-6C0F-40B5-ABD3-22E14F226B62}.Debug|Any CPU.ActiveCfg = Debug|Any CPU
		{16853E05-6C0F-40B5-ABD3-22E14F226B62}.Debug|Any CPU.Build.0 = Debug|Any CPU
		{16853E05-6C0F-40B5-ABD3-22E14F226B62}.Release|Any CPU.ActiveCfg = Release|Any CPU
		{16853E05-6C0F-40B5-ABD3-22E14F226B62}.Release|Any CPU.Build.0 = Release|Any CPU
		{7D847575-7A74-4991-9F23-BE25B762B00B}.Debug|Any CPU.ActiveCfg = Debug|Any CPU
		{7D847575-7A74-4991-9F23-BE25B762B00B}.Debug|Any CPU.Build.0 = Debug|Any CPU
		{7D847575-7A74-4991-9F23-BE25B762B00B}.Release|Any CPU.ActiveCfg = Release|Any CPU
		{7D847575-7A74-4991-9F23-BE25B762B00B}.Release|Any CPU.Build.0 = Release|Any CPU
		{35C4A25C-48E5-4B1C-9FD0-1A9BF39FBC97}.Debug|Any CPU.ActiveCfg = Debug|Any CPU
		{35C4A25C-48E5-4B1C-9FD0-1A9BF39FBC97}.Debug|Any CPU.Build.0 = Debug|Any CPU
		{35C4A25C-48E5-4B1C-9FD0-1A9BF39FBC97}.Release|Any CPU.ActiveCfg = Release|Any CPU
		{35C4A25C-48E5-4B1C-9FD0-1A9BF39FBC97}.Release|Any CPU.Build.0 = Release|Any CPU
		{C7DD4CD6-AE11-41DF-A721-8D5C683E8308}.Debug|Any CPU.ActiveCfg = Debug|Any CPU
		{C7DD4CD6-AE11-41DF-A721-8D5C683E8308}.Debug|Any CPU.Build.0 = Debug|Any CPU
		{C7DD4CD6-AE11-41DF-A721-8D5C683E8308}.Release|Any CPU.ActiveCfg = Release|Any CPU
		{C7DD4CD6-AE11-41DF-A721-8D5C683E8308}.Release|Any CPU.Build.0 = Release|Any CPU
		{95D76C15-63B5-46C7-B811-AA4B46BD75FD}.Debug|Any CPU.ActiveCfg = Debug|Any CPU
		{95D76C15-63B5-46C7-B811-AA4B46BD75FD}.Debug|Any CPU.Build.0 = Debug|Any CPU
		{95D76C15-63B5-46C7-B811-AA4B46BD75FD}.Release|Any CPU.ActiveCfg = Release|Any CPU
		{95D76C15-63B5-46C7-B811-AA4B46BD75FD}.Release|Any CPU.Build.0 = Release|Any CPU
		{FD06786E-832C-4685-81F6-3A4848F5AAAC}.Debug|Any CPU.ActiveCfg = Debug|Any CPU
		{FD06786E-832C-4685-81F6-3A4848F5AAAC}.Debug|Any CPU.Build.0 = Debug|Any CPU
		{FD06786E-832C-4685-81F6-3A4848F5AAAC}.Release|Any CPU.ActiveCfg = Release|Any CPU
		{FD06786E-832C-4685-81F6-3A4848F5AAAC}.Release|Any CPU.Build.0 = Release|Any CPU
	EndGlobalSection
	GlobalSection(SolutionProperties) = preSolution
		HideSolutionNode = FALSE
	EndGlobalSection
	GlobalSection(ExtensibilityGlobals) = postSolution
		SolutionGuid = {DD324497-D21C-48AA-8F1F-AD7E4232E1E6}
	EndGlobalSection
EndGlobal
